
Microsoft Visual Studio Solution File, Format Version 12.00
# Visual Studio Version 16
VisualStudioVersion = 16.0.31410.357
MinimumVisualStudioVersion = 10.0.40219.1
Project("{FAE04EC0-301F-11D3-BF4B-00C04F79EFBC}") = "Los-api", "Los-api\Los-api.csproj", "{ED560AE7-9E58-471B-A95B-09FF3A542E14}"
EndProject
Global
	GlobalSection(SolutionConfigurationPlatforms) = preSolution
		Debug|Any CPU = Debug|Any CPU
		Release|Any CPU = Release|Any CPU
	EndGlobalSection
	GlobalSection(ProjectConfigurationPlatforms) = postSolution
		{ED560AE7-9E58-471B-A95B-09FF3A542E14}.Debug|Any CPU.ActiveCfg = Debug|Any CPU
		{ED560AE7-9E58-471B-A95B-09FF3A542E14}.Debug|Any CPU.Build.0 = Debug|Any CPU
		{ED560AE7-9E58-471B-A95B-09FF3A542E14}.Release|Any CPU.ActiveCfg = Release|Any CPU
		{ED560AE7-9E58-471B-A95B-09FF3A542E14}.Release|Any CPU.Build.0 = Release|Any CPU
	EndGlobalSection
	GlobalSection(SolutionProperties) = preSolution
		HideSolutionNode = FALSE
	EndGlobalSection
	GlobalSection(ExtensibilityGlobals) = postSolution
		SolutionGuid = {A7A0C6F2-AF4B-4F55-B14E-940D52B67BF2}
	EndGlobalSection
EndGlobal
